{
  "nodes": {
    "devenv": {
      "locked": {
        "dir": "src/modules",
        "lastModified": 1786061230,
        "narHash": "sha256-WCHnwTJh+LdlJgEZ8N/3ecunEdHsaC+M5r7TRHYB9+E=",
        "owner": "cachix",
        "repo": "devenv",
        "rev": "df34dfcac8ac4fa3fbaeb582f90bac72acccbb53",
        "type": "github"
      },
      "original": {
        "dir": "src/modules",
        "owner": "cachix",
        "repo": "devenv",
        "type": "github"
      }
    },
    "nixpkgs": {
      "locked": {
        "lastModified": 1785747939,
        "narHash": "sha256-D740uKsMbgsfK2oaDenJLLPIZfq7W0/g4KN/Fls8eKs=",
        "owner": "nixos",
        "repo": "nixpkgs",
        "rev": "104240a772428cc2e20d8fd86c9ddbb886bbaff2",
        "type": "github"
      },
      "original": {
        "owner": "nixos",
        "ref": "nixpkgs-unstable",
        "repo": "nixpkgs",
        "type": "github"
      }
    },
    "root": {
      "inputs": {
        "devenv": "devenv",
        "nixpkgs": "nixpkgs",
        "storm-ops": "storm-ops"
      }
    },
    "storm-ops": {
      "flake": false,
      "locked": {
        "lastModified": 1786100543,
        "narHash": "sha256-cIi5578Jz9SMnaX4/nxCOqO5IuaMs4J3jm1VAwXqD5E=",
        "owner": "storm-software",
        "repo": "storm-ops",
        "rev": "a360653bbd01cb87c15b934343a341558bee7468",
        "type": "github"
      },
      "original": {
        "owner": "storm-software",
        "repo": "storm-ops",
        "type": "github"
      }
    }
  },
  "root": "root",
  "version": 7
}