{
  "nodes": {
    "devenv": {
      "locked": {
        "dir": "src/modules",
        "lastModified": 1785352168,
        "narHash": "sha256-m/9I5Ai3+wbJuKXtwwaFLG+4Db7Pg2EUYP3ZGLsA7xU=",
        "owner": "cachix",
        "repo": "devenv",
        "rev": "bf3fde552a27d5e41c52c0fcfbf258e396c995bb",
        "type": "github"
      },
      "original": {
        "dir": "src/modules",
        "owner": "cachix",
        "repo": "devenv",
        "type": "github"
      }
    },
    "nixpkgs": {
      "locked": {
        "lastModified": 1785301185,
        "narHash": "sha256-eoS3KQTO0aPWXZvIaRbRAzSSHW3l5wdMFXtT1ISfoKA=",
        "owner": "nixos",
        "repo": "nixpkgs",
        "rev": "9bc02893134c733dd85de46ee4fb2fac696b5529",
        "type": "github"
      },
      "original": {
        "owner": "nixos",
        "ref": "nixpkgs-unstable",
        "repo": "nixpkgs",
        "type": "github"
      }
    },
    "root": {
      "inputs": {
        "devenv": "devenv",
        "nixpkgs": "nixpkgs",
        "storm-ops": "storm-ops"
      }
    },
    "storm-ops": {
      "flake": false,
      "locked": {
        "lastModified": 1784790178,
        "narHash": "sha256-Jiib6FS9PfGu6eZrPIywb1RpWJkJOk1h+To92zkXI9o=",
        "owner": "storm-software",
        "repo": "storm-ops",
        "rev": "9389e94089c0ddc0cc122425b1a47201f655eafd",
        "type": "github"
      },
      "original": {
        "owner": "storm-software",
        "repo": "storm-ops",
        "type": "github"
      }
    }
  },
  "root": "root",
  "version": 7
}